
Microsoft Visual Studio Solution File, Format Version 12.00
# Visual Studio Version 16
VisualStudioVersion = 16.0.31911.196
MinimumVisualStudioVersion = 10.0.40219.1
Project("{9A19103F-16F7-4668-BE54-9A1E7A4F7556}") = "DataAccess", "DataAccess\DataAccess.csproj", "{546C32CF-18D2-4EFA-9E77-27AFD5D3F022}"
EndProject
Project("{2150E333-8FDC-42A3-9474-1A3956D46DE8}") = "API", "API", "{586FCF52-2B52-409B-9092-A32DFDC60F0B}"
EndProject
Project("{2150E333-8FDC-42A3-9474-1A3956D46DE8}") = "WebApp", "WebApp", "{D1C5315A-478D-471A-90DA-FD3AA40A46BE}"
EndProject
Project("{9A19103F-16F7-4668-BE54-9A1E7A4F7556}") = "WasmNetportal", "WasmNetportal\WasmNetportal.csproj", "{F9BDB555-3704-48F8-992D-0BD6D8182FCE}"
EndProject
Project("{9A19103F-16F7-4668-BE54-9A1E7A4F7556}") = "NetportalAPI", "NetportalAPI\NetportalAPI.csproj", "{784461D9-6CF9-40CB-AF01-5A479A8B5D1A}"
EndProject
Project("{9A19103F-16F7-4668-BE54-9A1E7A4F7556}") = "Netportal.Library", "NetportalLibrary\Netportal.Library.csproj", "{3ED202E6-9409-49C0-96BE-62B785593A6C}"
EndProject
Project("{2150E333-8FDC-42A3-9474-1A3956D46DE8}") = "Database", "Database", "{F7F8275F-E897-4B5E-8E67-F1B6D4C5BB6A}"
EndProject
Project("{00D1A9C2-B5F0-4AF3-8072-F6C62B433612}") = "NetportalDB", "NetportalDB\NetportalDB.sqlproj", "{D52F976F-1BD0-4108-9342-6B958B53B7BA}"
EndProject
Global
	GlobalSection(SolutionConfigurationPlatforms) = preSolution
		Debug|Any CPU = Debug|Any CPU
		Release|Any CPU = Release|Any CPU
	EndGlobalSection
	GlobalSection(ProjectConfigurationPlatforms) = postSolution
		{546C32CF-18D2-4EFA-9E77-27AFD5D3F022}.Debug|Any CPU.ActiveCfg = Debug|Any CPU
		{546C32CF-18D2-4EFA-9E77-27AFD5D3F022}.Debug|Any CPU.Build.0 = Debug|Any CPU
		{546C32CF-18D2-4EFA-9E77-27AFD5D3F022}.Release|Any CPU.ActiveCfg = Release|Any CPU
		{546C32CF-18D2-4EFA-9E77-27AFD5D3F022}.Release|Any CPU.Build.0 = Release|Any CPU
		{F9BDB555-3704-48F8-992D-0BD6D8182FCE}.Debug|Any CPU.ActiveCfg = Debug|Any CPU
		{F9BDB555-3704-48F8-992D-0BD6D8182FCE}.Debug|Any CPU.Build.0 = Debug|Any CPU
		{F9BDB555-3704-48F8-992D-0BD6D8182FCE}.Release|Any CPU.ActiveCfg = Release|Any CPU
		{F9BDB555-3704-48F8-992D-0BD6D8182FCE}.Release|Any CPU.Build.0 = Release|Any CPU
		{784461D9-6CF9-40CB-AF01-5A479A8B5D1A}.Debug|Any CPU.ActiveCfg = Debug|Any CPU
		{784461D9-6CF9-40CB-AF01-5A479A8B5D1A}.Debug|Any CPU.Build.0 = Debug|Any CPU
		{784461D9-6CF9-40CB-AF01-5A479A8B5D1A}.Release|Any CPU.ActiveCfg = Release|Any CPU
		{784461D9-6CF9-40CB-AF01-5A479A8B5D1A}.Release|Any CPU.Build.0 = Release|Any CPU
		{3ED202E6-9409-49C0-96BE-62B785593A6C}.Debug|Any CPU.ActiveCfg = Debug|Any CPU
		{3ED202E6-9409-49C0-96BE-62B785593A6C}.Debug|Any CPU.Build.0 = Debug|Any CPU
		{3ED202E6-9409-49C0-96BE-62B785593A6C}.Release|Any CPU.ActiveCfg = Release|Any CPU
		{3ED202E6-9409-49C0-96BE-62B785593A6C}.Release|Any CPU.Build.0 = Release|Any CPU
		{D52F976F-1BD0-4108-9342-6B958B53B7BA}.Debug|Any CPU.ActiveCfg = Debug|Any CPU
		{D52F976F-1BD0-4108-9342-6B958B53B7BA}.Debug|Any CPU.Build.0 = Debug|Any CPU
		{D52F976F-1BD0-4108-9342-6B958B53B7BA}.Debug|Any CPU.Deploy.0 = Debug|Any CPU
		{D52F976F-1BD0-4108-9342-6B958B53B7BA}.Release|Any CPU.ActiveCfg = Release|Any CPU
		{D52F976F-1BD0-4108-9342-6B958B53B7BA}.Release|Any CPU.Build.0 = Release|Any CPU
		{D52F976F-1BD0-4108-9342-6B958B53B7BA}.Release|Any CPU.Deploy.0 = Release|Any CPU
	EndGlobalSection
	GlobalSection(SolutionProperties) = preSolution
		HideSolutionNode = FALSE
	EndGlobalSection
	GlobalSection(NestedProjects) = preSolution
		{546C32CF-18D2-4EFA-9E77-27AFD5D3F022} = {586FCF52-2B52-409B-9092-A32DFDC60F0B}
		{F9BDB555-3704-48F8-992D-0BD6D8182FCE} = {D1C5315A-478D-471A-90DA-FD3AA40A46BE}
		{784461D9-6CF9-40CB-AF01-5A479A8B5D1A} = {586FCF52-2B52-409B-9092-A32DFDC60F0B}
		{3ED202E6-9409-49C0-96BE-62B785593A6C} = {D1C5315A-478D-471A-90DA-FD3AA40A46BE}
		{D52F976F-1BD0-4108-9342-6B958B53B7BA} = {F7F8275F-E897-4B5E-8E67-F1B6D4C5BB6A}
	EndGlobalSection
	GlobalSection(ExtensibilityGlobals) = postSolution
		SolutionGuid = {C73CFA2C-663A-43EC-9D11-D53A876FE5F9}
	EndGlobalSection
EndGlobal
